
Microsoft Visual Studio Solution File, Format Version 12.00
# Visual Studio Version 16
VisualStudioVersion = 16.0.30804.86
MinimumVisualStudioVersion = 10.0.40219.1
Project("{FAE04EC0-301F-11D3-BF4B-00C04F79EFBC}") = "Ruappp_finito", "Ruappp_finito.csproj", "{2139682B-2408-4E71-B723-C413D90290AB}"
EndProject
Global
	GlobalSection(SolutionConfigurationPlatforms) = preSolution
		Debug|Any CPU = Debug|Any CPU
		Release|Any CPU = Release|Any CPU
	EndGlobalSection
	GlobalSection(ProjectConfigurationPlatforms) = postSolution
		{2139682B-2408-4E71-B723-C413D90290AB}.Debug|Any CPU.ActiveCfg = Debug|Any CPU
		{2139682B-2408-4E71-B723-C413D90290AB}.Debug|Any CPU.Build.0 = Debug|Any CPU
		{2139682B-2408-4E71-B723-C413D90290AB}.Release|Any CPU.ActiveCfg = Release|Any CPU
		{2139682B-2408-4E71-B723-C413D90290AB}.Release|Any CPU.Build.0 = Release|Any CPU
	EndGlobalSection
	GlobalSection(SolutionProperties) = preSolution
		HideSolutionNode = FALSE
	EndGlobalSection
	GlobalSection(ExtensibilityGlobals) = postSolution
		SolutionGuid = {94DE2818-70E5-4CDC-B9A6-79802BA560CB}
	EndGlobalSection
EndGlobal
